
Microsoft Visual Studio Solution File, Format Version 12.00
# 
Project("{FAE04EC0-301F-11D3-BF4B-00C04F79EFBC}") = "Basin.Tests", "Basin.Tests\Basin.Tests.csproj", "{C4C5DCDA-1DBB-49FA-A766-B7A82D8EDE51}"
EndProject
Project("{FAE04EC0-301F-11D3-BF4B-00C04F79EFBC}") = "Basin", "Basin\Basin.csproj", "{A69E54D5-45F3-4F53-A6B5-85BB1F89C73D}"
EndProject
Project("{FAE04EC0-301F-11D3-BF4B-00C04F79EFBC}") = "Basin.WebDrivers", "Basin.WebDrivers\Basin.WebDrivers.csproj", "{7C63A35E-8191-4CCF-9268-53EFF3420E37}"
EndProject
Global
	GlobalSection(SolutionConfigurationPlatforms) = preSolution
		Debug|Any CPU = Debug|Any CPU
		Release|Any CPU = Release|Any CPU
	EndGlobalSection
	GlobalSection(ProjectConfigurationPlatforms) = postSolution
		{C4C5DCDA-1DBB-49FA-A766-B7A82D8EDE51}.Debug|Any CPU.ActiveCfg = Debug|Any CPU
		{C4C5DCDA-1DBB-49FA-A766-B7A82D8EDE51}.Debug|Any CPU.Build.0 = Debug|Any CPU
		{C4C5DCDA-1DBB-49FA-A766-B7A82D8EDE51}.Release|Any CPU.ActiveCfg = Release|Any CPU
		{C4C5DCDA-1DBB-49FA-A766-B7A82D8EDE51}.Release|Any CPU.Build.0 = Release|Any CPU
		{A69E54D5-45F3-4F53-A6B5-85BB1F89C73D}.Debug|Any CPU.ActiveCfg = Debug|Any CPU
		{A69E54D5-45F3-4F53-A6B5-85BB1F89C73D}.Debug|Any CPU.Build.0 = Debug|Any CPU
		{A69E54D5-45F3-4F53-A6B5-85BB1F89C73D}.Release|Any CPU.ActiveCfg = Release|Any CPU
		{A69E54D5-45F3-4F53-A6B5-85BB1F89C73D}.Release|Any CPU.Build.0 = Release|Any CPU
		{7C63A35E-8191-4CCF-9268-53EFF3420E37}.Debug|Any CPU.ActiveCfg = Debug|Any CPU
		{7C63A35E-8191-4CCF-9268-53EFF3420E37}.Debug|Any CPU.Build.0 = Debug|Any CPU
		{7C63A35E-8191-4CCF-9268-53EFF3420E37}.Release|Any CPU.ActiveCfg = Release|Any CPU
		{7C63A35E-8191-4CCF-9268-53EFF3420E37}.Release|Any CPU.Build.0 = Release|Any CPU
	EndGlobalSection
EndGlobal
